
Microsoft Visual Studio Solution File, Format Version 12.00
# Visual Studio Version 17
VisualStudioVersion = 17.1.32210.238
MinimumVisualStudioVersion = 10.0.40219.1
Project("{9A19103F-16F7-4668-BE54-9A1E7A4F7556}") = "PerfectPolicyQuiz", "PerfectPolicyQuiz\PerfectPolicyQuiz.csproj", "{782CF278-BE45-464E-B41F-CC46CEA0A67C}"
EndProject
Global
	GlobalSection(SolutionConfigurationPlatforms) = preSolution
		Debug|Any CPU = Debug|Any CPU
		Release|Any CPU = Release|Any CPU
	EndGlobalSection
	GlobalSection(ProjectConfigurationPlatforms) = postSolution
		{782CF278-BE45-464E-B41F-CC46CEA0A67C}.Debug|Any CPU.ActiveCfg = Debug|Any CPU
		{782CF278-BE45-464E-B41F-CC46CEA0A67C}.Debug|Any CPU.Build.0 = Debug|Any CPU
		{782CF278-BE45-464E-B41F-CC46CEA0A67C}.Release|Any CPU.ActiveCfg = Release|Any CPU
		{782CF278-BE45-464E-B41F-CC46CEA0A67C}.Release|Any CPU.Build.0 = Release|Any CPU
	EndGlobalSection
	GlobalSection(SolutionProperties) = preSolution
		HideSolutionNode = FALSE
	EndGlobalSection
	GlobalSection(ExtensibilityGlobals) = postSolution
		SolutionGuid = {4859CDB5-CBED-463B-BD5C-55D496DB3728}
	EndGlobalSection
EndGlobal
